// !$*UTF8*$!
{
	archiveVersion = 1;
	classes = {
	};
	objectVersion = 50;
	objects = {

/* Begin PBXBuildFile section */
		3F13A3DE20E4C74D00019804 /* AppDelegate.swift in Sources */ = {isa = PBXBuildFile; fileRef = 3F13A3DD20E4C74D00019804 /* AppDelegate.swift */; };
		3F13A3E020E4C74D00019804 /* ViewController.swift in Sources */ = {isa = PBXBuildFile; fileRef = 3F13A3DF20E4C74D00019804 /* ViewController.swift */; };
		3F13A3E320E4C74D00019804 /* Main.storyboard in Resources */ = {isa = PBXBuildFile; fileRef = 3F13A3E120E4C74D00019804 /* Main.storyboard */; };
		3F13A3E520E4C75500019804 /* Assets.xcassets in Resources */ = {isa = PBXBuildFile; fileRef = 3F13A3E420E4C75500019804 /* Assets.xcassets */; };
		3F13A3E820E4C75500019804 /* LaunchScreen.storyboard in Resources */ = {isa = PBXBuildFile; fileRef = 3F13A3E620E4C75500019804 /* LaunchScreen.storyboard */; };
		3F13A3F020E4C7D000019804 /* статистика.png in Resources */ = {isa = PBXBuildFile; fileRef = 3F13A3EF20E4C7D000019804 /* статистика.png */; };
		3F13A3F220E4C7DD00019804 /* плей.png in Resources */ = {isa = PBXBuildFile; fileRef = 3F13A3F120E4C7DD00019804 /* плей.png */; };
		3F13A3FE20E4C7F400019804 /* раша.jpg in Resources */ = {isa = PBXBuildFile; fileRef = 3F13A3F320E4C7F400019804 /* раша.jpg */; };
		3F13A3FF20E4C7F400019804 /* люди.jpg in Resources */ = {isa = PBXBuildFile; fileRef = 3F13A3F420E4C7F400019804 /* люди.jpg */; };
		3F13A40020E4C7F400019804 /* фошист.jpeg in Resources */ = {isa = PBXBuildFile; fileRef = 3F13A3F520E4C7F400019804 /* фошист.jpeg */; };
		3F13A40120E4C7F400019804 /* настройки.jpg in Resources */ = {isa = PBXBuildFile; fileRef = 3F13A3F620E4C7F400019804 /* настройки.jpg */; };
		3F13A40220E4C7F400019804 /* не русские.jpg in Resources */ = {isa = PBXBuildFile; fileRef = 3F13A3F720E4C7F400019804 /* не русские.jpg */; };
		3F13A40320E4C7F400019804 /* вопрос.png in Resources */ = {isa = PBXBuildFile; fileRef = 3F13A3F820E4C7F400019804 /* вопрос.png */; };
		3F13A40420E4C7F400019804 /* я даун.jpg in Resources */ = {isa = PBXBuildFile; fileRef = 3F13A3F920E4C7F400019804 /* я даун.jpg */; };
		3F13A40520E4C7F400019804 /* =.jpg in Resources */ = {isa = PBXBuildFile; fileRef = 3F13A3FA20E4C7F400019804 /* =.jpg */; };
		3F13A40620E4C7F400019804 /* китай.jpg in Resources */ = {isa = PBXBuildFile; fileRef = 3F13A3FB20E4C7F400019804 /* китай.jpg */; };
		3F13A40720E4C7F400019804 /* курсор.png in Resources */ = {isa = PBXBuildFile; fileRef = 3F13A3FC20E4C7F400019804 /* курсор.png */; };
		3F13A40820E4C7F400019804 /* чел.jpg in Resources */ = {isa = PBXBuildFile; fileRef = 3F13A3FD20E4C7F400019804 /* чел.jpg */; };
		3F13A40A20E4CB9800019804 /* рашаеее.png in Resources */ = {isa = PBXBuildFile; fileRef = 3F13A40920E4CB9800019804 /* рашаеее.png */; };
		3F13A40E20E4CC3200019804 /* 2.png in Resources */ = {isa = PBXBuildFile; fileRef = 3F13A40B20E4CC3100019804 /* 2.png */; };
		3F13A40F20E4CC3200019804 /* 4.png in Resources */ = {isa = PBXBuildFile; fileRef = 3F13A40C20E4CC3100019804 /* 4.png */; };
		3F13A41020E4CC3200019804 /* 3.png in Resources */ = {isa = PBXBuildFile; fileRef = 3F13A40D20E4CC3100019804 /* 3.png */; };
		3F13A41220E4CD2E00019804 /* нет басы.jpg in Resources */ = {isa = PBXBuildFile; fileRef = 3F13A41120E4CD2E00019804 /* нет басы.jpg */; };
		3F13A41420E4CD3200019804 /* басы.png in Resources */ = {isa = PBXBuildFile; fileRef = 3F13A41320E4CD3200019804 /* басы.png */; };
		3F13A41620E4CD5900019804 /* -vibration_90687.png in Resources */ = {isa = PBXBuildFile; fileRef = 3F13A41520E4CD5900019804 /* -vibration_90687.png */; };
		3F13A41820E4CD9500019804 /* restart-512.png in Resources */ = {isa = PBXBuildFile; fileRef = 3F13A41720E4CD9500019804 /* restart-512.png */; };
		3F13A41A20E4D00600019804 /* Lucky_Block.png in Resources */ = {isa = PBXBuildFile; fileRef = 3F13A41920E4D00600019804 /* Lucky_Block.png */; };
		3F13A41C20E4D09A00019804 /* 160130-ТриКруга-Поле-01-син.jpg in Resources */ = {isa = PBXBuildFile; fileRef = 3F13A41B20E4D09900019804 /* 160130-ТриКруга-Поле-01-син.jpg */; };
		3F13A41E20E4D10B00019804 /* enter-2.png in Resources */ = {isa = PBXBuildFile; fileRef = 3F13A41D20E4D10A00019804 /* enter-2.png */; };
/* End PBXBuildFile section */

/* Begin PBXFileReference section */
		3F13A3DA20E4C74D00019804 /* iAmGeni.app */ = {isa = PBXFileReference; explicitFileType = wrapper.application; includeInIndex = 0; path = iAmGeni.app; sourceTree = BUILT_PRODUCTS_DIR; };
		3F13A3DD20E4C74D00019804 /* AppDelegate.swift */ = {isa = PBXFileReference; lastKnownFileType = sourcecode.swift; path = AppDelegate.swift; sourceTree = "<group>"; };
		3F13A3DF20E4C74D00019804 /* ViewController.swift */ = {isa = PBXFileReference; lastKnownFileType = sourcecode.swift; path = ViewController.swift; sourceTree = "<group>"; };
		3F13A3E220E4C74D00019804 /* Base */ = {isa = PBXFileReference; lastKnownFileType = file.storyboard; name = Base; path = Base.lproj/Main.storyboard; sourceTree = "<group>"; };
		3F13A3E420E4C75500019804 /* Assets.xcassets */ = {isa = PBXFileReference; lastKnownFileType = folder.assetcatalog; path = Assets.xcassets; sourceTree = "<group>"; };
		3F13A3E720E4C75500019804 /* Base */ = {isa = PBXFileReference; lastKnownFileType = file.storyboard; name = Base; path = Base.lproj/LaunchScreen.storyboard; sourceTree = "<group>"; };
		3F13A3E920E4C75500019804 /* Info.plist */ = {isa = PBXFileReference; lastKnownFileType = text.plist.xml; path = Info.plist; sourceTree = "<group>"; };
		3F13A3EF20E4C7D000019804 /* статистика.png */ = {isa = PBXFileReference; lastKnownFileType = image.png; name = "статистика.png"; path = "../../../Downloads/статистика.png"; sourceTree = "<group>"; };
		3F13A3F120E4C7DD00019804 /* плей.png */ = {isa = PBXFileReference; lastKnownFileType = image.png; name = "плей.png"; path = "../../../Downloads/плей.png"; sourceTree = "<group>"; };
		3F13A3F320E4C7F400019804 /* раша.jpg */ = {isa = PBXFileReference; lastKnownFileType = image.jpeg; name = "раша.jpg"; path = "../../../Downloads/раша.jpg"; sourceTree = "<group>"; };
		3F13A3F420E4C7F400019804 /* люди.jpg */ = {isa = PBXFileReference; lastKnownFileType = image.jpeg; name = "люди.jpg"; path = "../../../Downloads/люди.jpg"; sourceTree = "<group>"; };
		3F13A3F520E4C7F400019804 /* фошист.jpeg */ = {isa = PBXFileReference; lastKnownFileType = image.jpeg; name = "фошист.jpeg"; path = "../../../Downloads/фошист.jpeg"; sourceTree = "<group>"; };
		3F13A3F620E4C7F400019804 /* настройки.jpg */ = {isa = PBXFileReference; lastKnownFileType = image.jpeg; name = "настройки.jpg"; path = "../../../Downloads/настройки.jpg"; sourceTree = "<group>"; };
		3F13A3F720E4C7F400019804 /* не русские.jpg */ = {isa = PBXFileReference; lastKnownFileType = image.jpeg; name = "не русские.jpg"; path = "../../../Downloads/не русские.jpg"; sourceTree = "<group>"; };
		3F13A3F820E4C7F400019804 /* вопрос.png */ = {isa = PBXFileReference; lastKnownFileType = image.png; name = "вопрос.png"; path = "../../../Downloads/вопрос.png"; sourceTree = "<group>"; };
		3F13A3F920E4C7F400019804 /* я даун.jpg */ = {isa = PBXFileReference; lastKnownFileType = image.jpeg; name = "я даун.jpg"; path = "../../../Downloads/я даун.jpg"; sourceTree = "<group>"; };
		3F13A3FA20E4C7F400019804 /* =.jpg */ = {isa = PBXFileReference; lastKnownFileType = image.jpeg; name = "=.jpg"; path = "../../../Downloads/=.jpg"; sourceTree = "<group>"; };
		3F13A3FB20E4C7F400019804 /* китай.jpg */ = {isa = PBXFileReference; lastKnownFileType = image.jpeg; name = "китай.jpg"; path = "../../../Downloads/китай.jpg"; sourceTree = "<group>"; };
		3F13A3FC20E4C7F400019804 /* курсор.png */ = {isa = PBXFileReference; lastKnownFileType = image.png; name = "курсор.png"; path = "../../../Downloads/курсор.png"; sourceTree = "<group>"; };
		3F13A3FD20E4C7F400019804 /* чел.jpg */ = {isa = PBXFileReference; lastKnownFileType = image.jpeg; name = "чел.jpg"; path = "../../../Downloads/чел.jpg"; sourceTree = "<group>"; };
		3F13A40920E4CB9800019804 /* рашаеее.png */ = {isa = PBXFileReference; lastKnownFileType = image.png; name = "рашаеее.png"; path = "../../../Downloads/рашаеее.png"; sourceTree = "<group>"; };
		3F13A40B20E4CC3100019804 /* 2.png */ = {isa = PBXFileReference; lastKnownFileType = image.png; name = 2.png; path = ../../2.png; sourceTree = "<group>"; };
		3F13A40C20E4CC3100019804 /* 4.png */ = {isa = PBXFileReference; lastKnownFileType = image.png; name = 4.png; path = ../../4.png; sourceTree = "<group>"; };
		3F13A40D20E4CC3100019804 /* 3.png */ = {isa = PBXFileReference; lastKnownFileType = image.png; name = 3.png; path = ../../3.png; sourceTree = "<group>"; };
		3F13A41120E4CD2E00019804 /* нет басы.jpg */ = {isa = PBXFileReference; lastKnownFileType = image.jpeg; name = "нет басы.jpg"; path = "../../../Downloads/нет басы.jpg"; sourceTree = "<group>"; };
		3F13A41320E4CD3200019804 /* басы.png */ = {isa = PBXFileReference; lastKnownFileType = image.png; name = "басы.png"; path = "../../../Downloads/басы.png"; sourceTree = "<group>"; };
		3F13A41520E4CD5900019804 /* -vibration_90687.png */ = {isa = PBXFileReference; lastKnownFileType = image.png; name = "-vibration_90687.png"; path = "../../../Downloads/-vibration_90687.png"; sourceTree = "<group>"; };
		3F13A41720E4CD9500019804 /* restart-512.png */ = {isa = PBXFileReference; lastKnownFileType = image.png; name = "restart-512.png"; path = "../../../Downloads/restart-512.png"; sourceTree = "<group>"; };
		3F13A41920E4D00600019804 /* Lucky_Block.png */ = {isa = PBXFileReference; lastKnownFileType = image.png; name = Lucky_Block.png; path = ../../../Downloads/Lucky_Block.png; sourceTree = "<group>"; };
		3F13A41B20E4D09900019804 /* 160130-ТриКруга-Поле-01-син.jpg */ = {isa = PBXFileReference; lastKnownFileType = image.jpeg; name = "160130-ТриКруга-Поле-01-син.jpg"; path = "../../../Downloads/160130-ТриКруга-Поле-01-син.jpg"; sourceTree = "<group>"; };
		3F13A41D20E4D10A00019804 /* enter-2.png */ = {isa = PBXFileReference; lastKnownFileType = image.png; name = "enter-2.png"; path = "../../../Downloads/enter-2.png"; sourceTree = "<group>"; };
/* End PBXFileReference section */

/* Begin PBXFrameworksBuildPhase section */
		3F13A3D720E4C74D00019804 /* Frameworks */ = {
			isa = PBXFrameworksBuildPhase;
			buildActionMask = 2147483647;
			files = (
			);
			runOnlyForDeploymentPostprocessing = 0;
		};
/* End PBXFrameworksBuildPhase section */

/* Begin PBXGroup section */
		3F13A3D120E4C74D00019804 = {
			isa = PBXGroup;
			children = (
				3F13A3DC20E4C74D00019804 /* iAmGeni */,
				3F13A3DB20E4C74D00019804 /* Products */,
			);
			sourceTree = "<group>";
		};
		3F13A3DB20E4C74D00019804 /* Products */ = {
			isa = PBXGroup;
			children = (
				3F13A3DA20E4C74D00019804 /* iAmGeni.app */,
			);
			name = Products;
			sourceTree = "<group>";
		};
		3F13A3DC20E4C74D00019804 /* iAmGeni */ = {
			isa = PBXGroup;
			children = (
				3F13A3DD20E4C74D00019804 /* AppDelegate.swift */,
				3F13A3DF20E4C74D00019804 /* ViewController.swift */,
				3F13A3E120E4C74D00019804 /* Main.storyboard */,
				3F13A3E420E4C75500019804 /* Assets.xcassets */,
				3F13A3E620E4C75500019804 /* LaunchScreen.storyboard */,
				3F13A3F120E4C7DD00019804 /* плей.png */,
				3F13A3FA20E4C7F400019804 /* =.jpg */,
				3F13A3F820E4C7F400019804 /* вопрос.png */,
				3F13A3FB20E4C7F400019804 /* китай.jpg */,
				3F13A3FC20E4C7F400019804 /* курсор.png */,
				3F13A40B20E4CC3100019804 /* 2.png */,
				3F13A40D20E4CC3100019804 /* 3.png */,
				3F13A41520E4CD5900019804 /* -vibration_90687.png */,
				3F13A40C20E4CC3100019804 /* 4.png */,
				3F13A40920E4CB9800019804 /* рашаеее.png */,
				3F13A41D20E4D10A00019804 /* enter-2.png */,
				3F13A3F420E4C7F400019804 /* люди.jpg */,
				3F13A3F620E4C7F400019804 /* настройки.jpg */,
				3F13A3F720E4C7F400019804 /* не русские.jpg */,
				3F13A3F320E4C7F400019804 /* раша.jpg */,
				3F13A41920E4D00600019804 /* Lucky_Block.png */,
				3F13A41320E4CD3200019804 /* басы.png */,
				3F13A3F520E4C7F400019804 /* фошист.jpeg */,
				3F13A3FD20E4C7F400019804 /* чел.jpg */,
				3F13A41720E4CD9500019804 /* restart-512.png */,
				3F13A41120E4CD2E00019804 /* нет басы.jpg */,
				3F13A41B20E4D09900019804 /* 160130-ТриКруга-Поле-01-син.jpg */,
				3F13A3F920E4C7F400019804 /* я даун.jpg */,
				3F13A3EF20E4C7D000019804 /* статистика.png */,
				3F13A3E920E4C75500019804 /* Info.plist */,
			);
			path = iAmGeni;
			sourceTree = "<group>";
		};
/* End PBXGroup section */

/* Begin PBXNativeTarget section */
		3F13A3D920E4C74D00019804 /* iAmGeni */ = {
			isa = PBXNativeTarget;
			buildConfigurationList = 3F13A3EC20E4C75500019804 /* Build configuration list for PBXNativeTarget "iAmGeni" */;
			buildPhases = (
				3F13A3D620E4C74D00019804 /* Sources */,
				3F13A3D720E4C74D00019804 /* Frameworks */,
				3F13A3D820E4C74D00019804 /* Resources */,
			);
			buildRules = (
			);
			dependencies = (
			);
			name = iAmGeni;
			productName = iAmGeni;
			productReference = 3F13A3DA20E4C74D00019804 /* iAmGeni.app */;
			productType = "com.apple.product-type.application";
		};
/* End PBXNativeTarget section */

/* Begin PBXProject section */
		3F13A3D220E4C74D00019804 /* Project object */ = {
			isa = PBXProject;
			attributes = {
				LastSwiftUpdateCheck = 0940;
				LastUpgradeCheck = 0940;
				ORGANIZATIONNAME = MirBis.Squad;
				TargetAttributes = {
					3F13A3D920E4C74D00019804 = {
						CreatedOnToolsVersion = 9.4.1;
					};
				};
			};
			buildConfigurationList = 3F13A3D520E4C74D00019804 /* Build configuration list for PBXProject "iAmGeni" */;
			compatibilityVersion = "Xcode 9.3";
			developmentRegion = en;
			hasScannedForEncodings = 0;
			knownRegions = (
				en,
				Base,
			);
			mainGroup = 3F13A3D120E4C74D00019804;
			productRefGroup = 3F13A3DB20E4C74D00019804 /* Products */;
			projectDirPath = "";
			projectRoot = "";
			targets = (
				3F13A3D920E4C74D00019804 /* iAmGeni */,
			);
		};
/* End PBXProject section */

/* Begin PBXResourcesBuildPhase section */
		3F13A3D820E4C74D00019804 /* Resources */ = {
			isa = PBXResourcesBuildPhase;
			buildActionMask = 2147483647;
			files = (
				3F13A40420E4C7F400019804 /* я даун.jpg in Resources */,
				3F13A41620E4CD5900019804 /* -vibration_90687.png in Resources */,
				3F13A40720E4C7F400019804 /* курсор.png in Resources */,
				3F13A3F220E4C7DD00019804 /* плей.png in Resources */,
				3F13A40320E4C7F400019804 /* вопрос.png in Resources */,
				3F13A3E820E4C75500019804 /* LaunchScreen.storyboard in Resources */,
				3F13A3E520E4C75500019804 /* Assets.xcassets in Resources */,
				3F13A41420E4CD3200019804 /* басы.png in Resources */,
				3F13A40E20E4CC3200019804 /* 2.png in Resources */,
				3F13A40620E4C7F400019804 /* китай.jpg in Resources */,
				3F13A3FF20E4C7F400019804 /* люди.jpg in Resources */,
				3F13A41E20E4D10B00019804 /* enter-2.png in Resources */,
				3F13A40520E4C7F400019804 /* =.jpg in Resources */,
				3F13A41820E4CD9500019804 /* restart-512.png in Resources */,
				3F13A40020E4C7F400019804 /* фошист.jpeg in Resources */,
				3F13A40220E4C7F400019804 /* не русские.jpg in Resources */,
				3F13A40120E4C7F400019804 /* настройки.jpg in Resources */,
				3F13A40F20E4CC3200019804 /* 4.png in Resources */,
				3F13A41C20E4D09A00019804 /* 160130-ТриКруга-Поле-01-син.jpg in Resources */,
				3F13A41220E4CD2E00019804 /* нет басы.jpg in Resources */,
				3F13A3E320E4C74D00019804 /* Main.storyboard in Resources */,
				3F13A41020E4CC3200019804 /* 3.png in Resources */,
				3F13A40820E4C7F400019804 /* чел.jpg in Resources */,
				3F13A3F020E4C7D000019804 /* статистика.png in Resources */,
				3F13A40A20E4CB9800019804 /* рашаеее.png in Resources */,
				3F13A3FE20E4C7F400019804 /* раша.jpg in Resources */,
				3F13A41A20E4D00600019804 /* Lucky_Block.png in Resources */,
			);
			runOnlyForDeploymentPostprocessing = 0;
		};
/* End PBXResourcesBuildPhase section */

/* Begin PBXSourcesBuildPhase section */
		3F13A3D620E4C74D00019804 /* Sources */ = {
			isa = PBXSourcesBuildPhase;
			buildActionMask = 2147483647;
			files = (
				3F13A3E020E4C74D00019804 /* ViewController.swift in Sources */,
				3F13A3DE20E4C74D00019804 /* AppDelegate.swift in Sources */,
			);
			runOnlyForDeploymentPostprocessing = 0;
		};
/* End PBXSourcesBuildPhase section */

/* Begin PBXVariantGroup section */
		3F13A3E120E4C74D00019804 /* Main.storyboard */ = {
			isa = PBXVariantGroup;
			children = (
				3F13A3E220E4C74D00019804 /* Base */,
			);
			name = Main.storyboard;
			sourceTree = "<group>";
		};
		3F13A3E620E4C75500019804 /* LaunchScreen.storyboard */ = {
			isa = PBXVariantGroup;
			children = (
				3F13A3E720E4C75500019804 /* Base */,
			);
			name = LaunchScreen.storyboard;
			sourceTree = "<group>";
		};
/* End PBXVariantGroup section */

/* Begin XCBuildConfiguration section */
		3F13A3EA20E4C75500019804 /* Debug */ = {
			isa = XCBuildConfiguration;
			buildSettings = {
				ALWAYS_SEARCH_USER_PATHS = NO;
				CLANG_ANALYZER_NONNULL = YES;
				CLANG_ANALYZER_NUMBER_OBJECT_CONVERSION = YES_AGGRESSIVE;
				CLANG_CXX_LANGUAGE_STANDARD = "gnu++14";
				CLANG_CXX_LIBRARY = "libc++";
				CLANG_ENABLE_MODULES = YES;
				CLANG_ENABLE_OBJC_ARC = YES;
				CLANG_ENABLE_OBJC_WEAK = YES;
				CLANG_WARN_BLOCK_CAPTURE_AUTORELEASING = YES;
				CLANG_WARN_BOOL_CONVERSION = YES;
				CLANG_WARN_COMMA = YES;
				CLANG_WARN_CONSTANT_CONVERSION = YES;
				CLANG_WARN_DEPRECATED_OBJC_IMPLEMENTATIONS = YES;
				CLANG_WARN_DIRECT_OBJC_ISA_USAGE = YES_ERROR;
				CLANG_WARN_DOCUMENTATION_COMMENTS = YES;
				CLANG_WARN_EMPTY_BODY = YES;
				CLANG_WARN_ENUM_CONVERSION = YES;
				CLANG_WARN_INFINITE_RECURSION = YES;
				CLANG_WARN_INT_CONVERSION = YES;
				CLANG_WARN_NON_LITERAL_NULL_CONVERSION = YES;
				CLANG_WARN_OBJC_IMPLICIT_RETAIN_SELF = YES;
				CLANG_WARN_OBJC_LITERAL_CONVERSION = YES;
				CLANG_WARN_OBJC_ROOT_CLASS = YES_ERROR;
				CLANG_WARN_RANGE_LOOP_ANALYSIS = YES;
				CLANG_WARN_STRICT_PROTOTYPES = YES;
				CLANG_WARN_SUSPICIOUS_MOVE = YES;
				CLANG_WARN_UNGUARDED_AVAILABILITY = YES_AGGRESSIVE;
				CLANG_WARN_UNREACHABLE_CODE = YES;
				CLANG_WARN__DUPLICATE_METHOD_MATCH = YES;
				CODE_SIGN_IDENTITY = "iPhone Developer";
				COPY_PHASE_STRIP = NO;
				DEBUG_INFORMATION_FORMAT = dwarf;
				ENABLE_STRICT_OBJC_MSGSEND = YES;
				ENABLE_TESTABILITY = YES;
				GCC_C_LANGUAGE_STANDARD = gnu11;
				GCC_DYNAMIC_NO_PIC = NO;
				GCC_NO_COMMON_BLOCKS = YES;
				GCC_OPTIMIZATION_LEVEL = 0;
				GCC_PREPROCESSOR_DEFINITIONS = (
					"DEBUG=1",
					"$(inherited)",
				);
				GCC_WARN_64_TO_32_BIT_CONVERSION = YES;
				GCC_WARN_ABOUT_RETURN_TYPE = YES_ERROR;
				GCC_WARN_UNDECLARED_SELECTOR = YES;
				GCC_WARN_UNINITIALIZED_AUTOS = YES_AGGRESSIVE;
				GCC_WARN_UNUSED_FUNCTION = YES;
				GCC_WARN_UNUSED_VARIABLE = YES;
				IPHONEOS_DEPLOYMENT_TARGET = 11.4;
				MTL_ENABLE_DEBUG_INFO = YES;
				ONLY_ACTIVE_ARCH = YES;
				SDKROOT = iphoneos;
				SWIFT_ACTIVE_COMPILATION_CONDITIONS = DEBUG;
				SWIFT_OPTIMIZATION_LEVEL = "-Onone";
			};
			name = Debug;
		};
		3F13A3EB20E4C75500019804 /* Release */ = {
			isa = XCBuildConfiguration;
			buildSettings = {
				ALWAYS_SEARCH_USER_PATHS = NO;
				CLANG_ANALYZER_NONNULL = YES;
				CLANG_ANALYZER_NUMBER_OBJECT_CONVERSION = YES_AGGRESSIVE;
				CLANG_CXX_LANGUAGE_STANDARD = "gnu++14";
				CLANG_CXX_LIBRARY = "libc++";
				CLANG_ENABLE_MODULES = YES;
				CLANG_ENABLE_OBJC_ARC = YES;
				CLANG_ENABLE_OBJC_WEAK = YES;
				CLANG_WARN_BLOCK_CAPTURE_AUTORELEASING = YES;
				CLANG_WARN_BOOL_CONVERSION = YES;
				CLANG_WARN_COMMA = YES;
				CLANG_WARN_CONSTANT_CONVERSION = YES;
				CLANG_WARN_DEPRECATED_OBJC_IMPLEMENTATIONS = YES;
				CLANG_WARN_DIRECT_OBJC_ISA_USAGE = YES_ERROR;
				CLANG_WARN_DOCUMENTATION_COMMENTS = YES;
				CLANG_WARN_EMPTY_BODY = YES;
				CLANG_WARN_ENUM_CONVERSION = YES;
				CLANG_WARN_INFINITE_RECURSION = YES;
				CLANG_WARN_INT_CONVERSION = YES;
				CLANG_WARN_NON_LITERAL_NULL_CONVERSION = YES;
				CLANG_WARN_OBJC_IMPLICIT_RETAIN_SELF = YES;
				CLANG_WARN_OBJC_LITERAL_CONVERSION = YES;
				CLANG_WARN_OBJC_ROOT_CLASS = YES_ERROR;
				CLANG_WARN_RANGE_LOOP_ANALYSIS = YES;
				CLANG_WARN_STRICT_PROTOTYPES = YES;
				CLANG_WARN_SUSPICIOUS_MOVE = YES;
				CLANG_WARN_UNGUARDED_AVAILABILITY = YES_AGGRESSIVE;
				CLANG_WARN_UNREACHABLE_CODE = YES;
				CLANG_WARN__DUPLICATE_METHOD_MATCH = YES;
				CODE_SIGN_IDENTITY = "iPhone Developer";
				COPY_PHASE_STRIP = NO;
				DEBUG_INFORMATION_FORMAT = "dwarf-with-dsym";
				ENABLE_NS_ASSERTIONS = NO;
				ENABLE_STRICT_OBJC_MSGSEND = YES;
				GCC_C_LANGUAGE_STANDARD = gnu11;
				GCC_NO_COMMON_BLOCKS = YES;
				GCC_WARN_64_TO_32_BIT_CONVERSION = YES;
				GCC_WARN_ABOUT_RETURN_TYPE = YES_ERROR;
				GCC_WARN_UNDECLARED_SELECTOR = YES;
				GCC_WARN_UNINITIALIZED_AUTOS = YES_AGGRESSIVE;
				GCC_WARN_UNUSED_FUNCTION = YES;
				GCC_WARN_UNUSED_VARIABLE = YES;
				IPHONEOS_DEPLOYMENT_TARGET = 11.4;
				MTL_ENABLE_DEBUG_INFO = NO;
				SDKROOT = iphoneos;
				SWIFT_COMPILATION_MODE = wholemodule;
				SWIFT_OPTIMIZATION_LEVEL = "-O";
				VALIDATE_PRODUCT = YES;
			};
			name = Release;
		};
		3F13A3ED20E4C75500019804 /* Debug */ = {
			isa = XCBuildConfiguration;
			buildSettings = {
				ASSETCATALOG_COMPILER_APPICON_NAME = AppIcon;
				CODE_SIGN_STYLE = Automatic;
				INFOPLIST_FILE = iAmGeni/Info.plist;
				LD_RUNPATH_SEARCH_PATHS = (
					"$(inherited)",
					"@executable_path/Frameworks",
				);
				PRODUCT_BUNDLE_IDENTIFIER = com.example.iAmGeni;
				PRODUCT_NAME = "$(TARGET_NAME)";
				SWIFT_VERSION = 4.0;
				TARGETED_DEVICE_FAMILY = "1,2";
			};
			name = Debug;
		};
		3F13A3EE20E4C75500019804 /* Release */ = {
			isa = XCBuildConfiguration;
			buildSettings = {
				ASSETCATALOG_COMPILER_APPICON_NAME = AppIcon;
				CODE_SIGN_STYLE = Automatic;
				INFOPLIST_FILE = iAmGeni/Info.plist;
				LD_RUNPATH_SEARCH_PATHS = (
					"$(inherited)",
					"@executable_path/Frameworks",
				);
				PRODUCT_BUNDLE_IDENTIFIER = com.example.iAmGeni;
				PRODUCT_NAME = "$(TARGET_NAME)";
				SWIFT_VERSION = 4.0;
				TARGETED_DEVICE_FAMILY = "1,2";
			};
			name = Release;
		};
/* End XCBuildConfiguration section */

/* Begin XCConfigurationList section */
		3F13A3D520E4C74D00019804 /* Build configuration list for PBXProject "iAmGeni" */ = {
			isa = XCConfigurationList;
			buildConfigurations = (
				3F13A3EA20E4C75500019804 /* Debug */,
				3F13A3EB20E4C75500019804 /* Release */,
			);
			defaultConfigurationIsVisible = 0;
			defaultConfigurationName = Release;
		};
		3F13A3EC20E4C75500019804 /* Build configuration list for PBXNativeTarget "iAmGeni" */ = {
			isa = XCConfigurationList;
			buildConfigurations = (
				3F13A3ED20E4C75500019804 /* Debug */,
				3F13A3EE20E4C75500019804 /* Release */,
			);
			defaultConfigurationIsVisible = 0;
			defaultConfigurationName = Release;
		};
/* End XCConfigurationList section */
	};
	rootObject = 3F13A3D220E4C74D00019804 /* Project object */;
}
